
Microsoft Visual Studio Solution File, Format Version 12.00
# Visual Studio Version 17
VisualStudioVersion = 17.8.34525.116
MinimumVisualStudioVersion = 10.0.40219.1
Project("{9A19103F-16F7-4668-BE54-9A1E7A4F7556}") = "ExerciseWebApp", "ExerciseWebApp\ExerciseWebApp.csproj", "{7D86D948-544F-446F-BE71-B8A690C68CDF}"
EndProject
Global
	GlobalSection(SolutionConfigurationPlatforms) = preSolution
		Debug|Any CPU = Debug|Any CPU
		Release|Any CPU = Release|Any CPU
	EndGlobalSection
	GlobalSection(ProjectConfigurationPlatforms) = postSolution
		{7D86D948-544F-446F-BE71-B8A690C68CDF}.Debug|Any CPU.ActiveCfg = Debug|Any CPU
		{7D86D948-544F-446F-BE71-B8A690C68CDF}.Debug|Any CPU.Build.0 = Debug|Any CPU
		{7D86D948-544F-446F-BE71-B8A690C68CDF}.Release|Any CPU.ActiveCfg = Release|Any CPU
		{7D86D948-544F-446F-BE71-B8A690C68CDF}.Release|Any CPU.Build.0 = Release|Any CPU
	EndGlobalSection
	GlobalSection(SolutionProperties) = preSolution
		HideSolutionNode = FALSE
	EndGlobalSection
	GlobalSection(ExtensibilityGlobals) = postSolution
		SolutionGuid = {F61BDA22-ECEF-4CA6-9D92-67E0E4DE3209}
	EndGlobalSection
EndGlobal
